
Microsoft Visual Studio Solution File, Format Version 12.00
# 
Project("{FAE04EC0-301F-11D3-BF4B-00C04F79EFBC}") = "FastFile.Models", "FastFile.Models\FastFile.Models.csproj", "{392486C5-380D-44EC-BB17-379204914F03}"
EndProject
Project("{FAE04EC0-301F-11D3-BF4B-00C04F79EFBC}") = "Scratch", "Scratch\Scratch.csproj", "{E401AD75-456F-45CE-8F4D-5916C3FD0D5D}"
EndProject
Project("{FAE04EC0-301F-11D3-BF4B-00C04F79EFBC}") = "FastFile.Runtime", "FastFile.Runtime\FastFile.Runtime.csproj", "{139EB2DA-443B-4EFD-ACB0-D2C1325E8BD2}"
EndProject
Project("{FAE04EC0-301F-11D3-BF4B-00C04F79EFBC}") = "FastFile.Streaming", "FastFile.Streaming\FastFile.Streaming.csproj", "{828CC652-0C1C-4628-8648-1E4FA4F702B9}"
EndProject
Project("{FAE04EC0-301F-11D3-BF4B-00C04F79EFBC}") = "FastFile.Loaders", "FastFile.Loaders\FastFile.Loaders.csproj", "{F450F97C-02D2-42F5-B5F2-1DB162658B23}"
EndProject
Global
	GlobalSection(SolutionConfigurationPlatforms) = preSolution
		Debug|Any CPU = Debug|Any CPU
		Release|Any CPU = Release|Any CPU
	EndGlobalSection
	GlobalSection(ProjectConfigurationPlatforms) = postSolution
		{392486C5-380D-44EC-BB17-379204914F03}.Debug|Any CPU.ActiveCfg = Debug|Any CPU
		{392486C5-380D-44EC-BB17-379204914F03}.Debug|Any CPU.Build.0 = Debug|Any CPU
		{392486C5-380D-44EC-BB17-379204914F03}.Release|Any CPU.ActiveCfg = Release|Any CPU
		{392486C5-380D-44EC-BB17-379204914F03}.Release|Any CPU.Build.0 = Release|Any CPU
		{E401AD75-456F-45CE-8F4D-5916C3FD0D5D}.Debug|Any CPU.ActiveCfg = Debug|Any CPU
		{E401AD75-456F-45CE-8F4D-5916C3FD0D5D}.Debug|Any CPU.Build.0 = Debug|Any CPU
		{E401AD75-456F-45CE-8F4D-5916C3FD0D5D}.Release|Any CPU.ActiveCfg = Release|Any CPU
		{E401AD75-456F-45CE-8F4D-5916C3FD0D5D}.Release|Any CPU.Build.0 = Release|Any CPU
		{139EB2DA-443B-4EFD-ACB0-D2C1325E8BD2}.Debug|Any CPU.ActiveCfg = Debug|Any CPU
		{139EB2DA-443B-4EFD-ACB0-D2C1325E8BD2}.Debug|Any CPU.Build.0 = Debug|Any CPU
		{139EB2DA-443B-4EFD-ACB0-D2C1325E8BD2}.Release|Any CPU.ActiveCfg = Release|Any CPU
		{139EB2DA-443B-4EFD-ACB0-D2C1325E8BD2}.Release|Any CPU.Build.0 = Release|Any CPU
		{828CC652-0C1C-4628-8648-1E4FA4F702B9}.Debug|Any CPU.ActiveCfg = Debug|Any CPU
		{828CC652-0C1C-4628-8648-1E4FA4F702B9}.Debug|Any CPU.Build.0 = Debug|Any CPU
		{828CC652-0C1C-4628-8648-1E4FA4F702B9}.Release|Any CPU.ActiveCfg = Release|Any CPU
		{828CC652-0C1C-4628-8648-1E4FA4F702B9}.Release|Any CPU.Build.0 = Release|Any CPU
		{F450F97C-02D2-42F5-B5F2-1DB162658B23}.Debug|Any CPU.ActiveCfg = Debug|Any CPU
		{F450F97C-02D2-42F5-B5F2-1DB162658B23}.Debug|Any CPU.Build.0 = Debug|Any CPU
		{F450F97C-02D2-42F5-B5F2-1DB162658B23}.Release|Any CPU.ActiveCfg = Release|Any CPU
		{F450F97C-02D2-42F5-B5F2-1DB162658B23}.Release|Any CPU.Build.0 = Release|Any CPU
	EndGlobalSection
EndGlobal
